
Microsoft Visual Studio Solution File, Format Version 12.00
# Visual Studio Version 17
VisualStudioVersion = 17.1.32113.165
MinimumVisualStudioVersion = 10.0.40219.1
Project("{FAE04EC0-301F-11D3-BF4B-00C04F79EFBC}") = "HotmailJunkMailDeleter", "HotmailJunkMailDeleter\HotmailJunkMailDeleter.csproj", "{434DD385-06C1-4447-8B87-0EEAA3A4700A}"
EndProject
Global
	GlobalSection(SolutionConfigurationPlatforms) = preSolution
		Debug|Any CPU = Debug|Any CPU
		Release|Any CPU = Release|Any CPU
	EndGlobalSection
	GlobalSection(ProjectConfigurationPlatforms) = postSolution
		{434DD385-06C1-4447-8B87-0EEAA3A4700A}.Debug|Any CPU.ActiveCfg = Debug|Any CPU
		{434DD385-06C1-4447-8B87-0EEAA3A4700A}.Debug|Any CPU.Build.0 = Debug|Any CPU
		{434DD385-06C1-4447-8B87-0EEAA3A4700A}.Release|Any CPU.ActiveCfg = Release|Any CPU
		{434DD385-06C1-4447-8B87-0EEAA3A4700A}.Release|Any CPU.Build.0 = Release|Any CPU
	EndGlobalSection
	GlobalSection(SolutionProperties) = preSolution
		HideSolutionNode = FALSE
	EndGlobalSection
	GlobalSection(ExtensibilityGlobals) = postSolution
		SolutionGuid = {5B84A5AB-3DD7-4B99-95A5-1C5864A8AC9F}
	EndGlobalSection
EndGlobal
